// !$*UTF8*$!
{
	archiveVersion = 1;
	classes = {
	};
	objectVersion = 46;
	objects = {

/* Begin PBXBuildFile section */
		64A9759C196E31ED001CD31C /* main.m in Sources */ = {isa = PBXBuildFile; fileRef = 64A9759B196E31ED001CD31C /* main.m */; };
		64A9759F196E31ED001CD31C /* AppDelegate.m in Sources */ = {isa = PBXBuildFile; fileRef = 64A9759E196E31ED001CD31C /* AppDelegate.m */; };
		64A975A2196E31ED001CD31C /* ViewController.m in Sources */ = {isa = PBXBuildFile; fileRef = 64A975A1196E31ED001CD31C /* ViewController.m */; };
		64A975A5196E31ED001CD31C /* Main.storyboard in Resources */ = {isa = PBXBuildFile; fileRef = 64A975A3196E31ED001CD31C /* Main.storyboard */; };
		64A975A7196E31ED001CD31C /* Images.xcassets in Resources */ = {isa = PBXBuildFile; fileRef = 64A975A6196E31ED001CD31C /* Images.xcassets */; };
		64A975B3196E31ED001CD31C /* xcodetest2Tests.m in Sources */ = {isa = PBXBuildFile; fileRef = 64A975B2196E31ED001CD31C /* xcodetest2Tests.m */; };
/* End PBXBuildFile section */

/* Begin PBXContainerItemProxy section */
		64A975AD196E31ED001CD31C /* PBXContainerItemProxy */ = {
			isa = PBXContainerItemProxy;
			containerPortal = 64A9758E196E31ED001CD31C /* Project object */;
			proxyType = 1;
			remoteGlobalIDString = 64A97595196E31ED001CD31C;
			remoteInfo = xcodetest2;
		};
/* End PBXContainerItemProxy section */

/* Begin PBXFileReference section */
		64A97596196E31ED001CD31C /* xcodetest2.app */ = {isa = PBXFileReference; explicitFileType = wrapper.application; includeInIndex = 0; path = xcodetest2.app; sourceTree = BUILT_PRODUCTS_DIR; };
		64A9759A196E31ED001CD31C /* Info.plist */ = {isa = PBXFileReference; lastKnownFileType = text.plist.xml; path = Info.plist; sourceTree = "<group>"; };
		64A9759B196E31ED001CD31C /* main.m */ = {isa = PBXFileReference; lastKnownFileType = sourcecode.c.objc; path = main.m; sourceTree = "<group>"; };
		64A9759D196E31ED001CD31C /* AppDelegate.h */ = {isa = PBXFileReference; lastKnownFileType = sourcecode.c.h; path = AppDelegate.h; sourceTree = "<group>"; };
		64A9759E196E31ED001CD31C /* AppDelegate.m */ = {isa = PBXFileReference; lastKnownFileType = sourcecode.c.objc; path = AppDelegate.m; sourceTree = "<group>"; };
		64A975A0196E31ED001CD31C /* ViewController.h */ = {isa = PBXFileReference; lastKnownFileType = sourcecode.c.h; path = ViewController.h; sourceTree = "<group>"; };
		64A975A1196E31ED001CD31C /* ViewController.m */ = {isa = PBXFileReference; lastKnownFileType = sourcecode.c.objc; path = ViewController.m; sourceTree = "<group>"; };
		64A975A4196E31ED001CD31C /* Base */ = {isa = PBXFileReference; lastKnownFileType = file.storyboard; name = Base; path = Base.lproj/Main.storyboard; sourceTree = "<group>"; };
		64A975A6196E31ED001CD31C /* Images.xcassets */ = {isa = PBXFileReference; lastKnownFileType = folder.assetcatalog; path = Images.xcassets; sourceTree = "<group>"; };
		64A975AC196E31ED001CD31C /* xcodetest2Tests.xctest */ = {isa = PBXFileReference; explicitFileType = wrapper.cfbundle; includeInIndex = 0; path = xcodetest2Tests.xctest; sourceTree = BUILT_PRODUCTS_DIR; };
		64A975B1196E31ED001CD31C /* Info.plist */ = {isa = PBXFileReference; lastKnownFileType = text.plist.xml; path = Info.plist; sourceTree = "<group>"; };
		64A975B2196E31ED001CD31C /* xcodetest2Tests.m */ = {isa = PBXFileReference; lastKnownFileType = sourcecode.c.objc; path = xcodetest2Tests.m; sourceTree = "<group>"; };
/* End PBXFileReference section */

/* Begin PBXFrameworksBuildPhase section */
		64A97593196E31ED001CD31C /* Frameworks */ = {
			isa = PBXFrameworksBuildPhase;
			buildActionMask = 2147483647;
			files = (
			);
			runOnlyForDeploymentPostprocessing = 0;
		};
		64A975A9196E31ED001CD31C /* Frameworks */ = {
			isa = PBXFrameworksBuildPhase;
			buildActionMask = 2147483647;
			files = (
			);
			runOnlyForDeploymentPostprocessing = 0;
		};
/* End PBXFrameworksBuildPhase section */

/* Begin PBXGroup section */
		64A9758D196E31ED001CD31C = {
			isa = PBXGroup;
			children = (
				64A97598196E31ED001CD31C /* xcodetest2 */,
				64A975AF196E31ED001CD31C /* xcodetest2Tests */,
				64A97597196E31ED001CD31C /* Products */,
			);
			sourceTree = "<group>";
		};
		64A97597196E31ED001CD31C /* Products */ = {
			isa = PBXGroup;
			children = (
				64A97596196E31ED001CD31C /* xcodetest2.app */,
				64A975AC196E31ED001CD31C /* xcodetest2Tests.xctest */,
			);
			name = Products;
			sourceTree = "<group>";
		};
		64A97598196E31ED001CD31C /* xcodetest2 */ = {
			isa = PBXGroup;
			children = (
				64A9759D196E31ED001CD31C /* AppDelegate.h */,
				64A9759E196E31ED001CD31C /* AppDelegate.m */,
				64A975A0196E31ED001CD31C /* ViewController.h */,
				64A975A1196E31ED001CD31C /* ViewController.m */,
				64A975A3196E31ED001CD31C /* Main.storyboard */,
				64A975A6196E31ED001CD31C /* Images.xcassets */,
				64A97599196E31ED001CD31C /* Supporting Files */,
			);
			path = xcodetest2;
			sourceTree = "<group>";
		};
		64A97599196E31ED001CD31C /* Supporting Files */ = {
			isa = PBXGroup;
			children = (
				64A9759A196E31ED001CD31C /* Info.plist */,
				64A9759B196E31ED001CD31C /* main.m */,
			);
			name = "Supporting Files";
			sourceTree = "<group>";
		};
		64A975AF196E31ED001CD31C /* xcodetest2Tests */ = {
			isa = PBXGroup;
			children = (
				64A975B2196E31ED001CD31C /* xcodetest2Tests.m */,
				64A975B0196E31ED001CD31C /* Supporting Files */,
			);
			path = xcodetest2Tests;
			sourceTree = "<group>";
		};
		64A975B0196E31ED001CD31C /* Supporting Files */ = {
			isa = PBXGroup;
			children = (
				64A975B1196E31ED001CD31C /* Info.plist */,
			);
			name = "Supporting Files";
			sourceTree = "<group>";
		};
/* End PBXGroup section */

/* Begin PBXNativeTarget section */
		64A97595196E31ED001CD31C /* xcodetest2 */ = {
			isa = PBXNativeTarget;
			buildConfigurationList = 64A975B6196E31ED001CD31C /* Build configuration list for PBXNativeTarget "xcodetest2" */;
			buildPhases = (
				64A97592196E31ED001CD31C /* Sources */,
				64A97593196E31ED001CD31C /* Frameworks */,
				64A97594196E31ED001CD31C /* Resources */,
			);
			buildRules = (
			);
			dependencies = (
			);
			name = xcodetest2;
			productName = xcodetest2;
			productReference = 64A97596196E31ED001CD31C /* xcodetest2.app */;
			productType = "com.apple.product-type.application";
		};
		64A975AB196E31ED001CD31C /* xcodetest2Tests */ = {
			isa = PBXNativeTarget;
			buildConfigurationList = 64A975B9196E31ED001CD31C /* Build configuration list for PBXNativeTarget "xcodetest2Tests" */;
			buildPhases = (
				64A975A8196E31ED001CD31C /* Sources */,
				64A975A9196E31ED001CD31C /* Frameworks */,
				64A975AA196E31ED001CD31C /* Resources */,
			);
			buildRules = (
			);
			dependencies = (
				64A975AE196E31ED001CD31C /* PBXTargetDependency */,
			);
			name = xcodetest2Tests;
			productName = xcodetest2Tests;
			productReference = 64A975AC196E31ED001CD31C /* xcodetest2Tests.xctest */;
			productType = "com.apple.product-type.bundle.unit-test";
		};
/* End PBXNativeTarget section */

/* Begin PBXProject section */
		64A9758E196E31ED001CD31C /* Project object */ = {
			isa = PBXProject;
			attributes = {
				LastUpgradeCheck = 0600;
				ORGANIZATIONNAME = cappmac;
				TargetAttributes = {
					64A97595196E31ED001CD31C = {
						CreatedOnToolsVersion = 6.0;
					};
					64A975AB196E31ED001CD31C = {
						CreatedOnToolsVersion = 6.0;
						TestTargetID = 64A97595196E31ED001CD31C;
					};
				};
			};
			buildConfigurationList = 64A97591196E31ED001CD31C /* Build configuration list for PBXProject "xcodetest2" */;
			compatibilityVersion = "Xcode 3.2";
			developmentRegion = English;
			hasScannedForEncodings = 0;
			knownRegions = (
				en,
				Base,
			);
			mainGroup = 64A9758D196E31ED001CD31C;
			productRefGroup = 64A97597196E31ED001CD31C /* Products */;
			projectDirPath = "";
			projectRoot = "";
			targets = (
				64A97595196E31ED001CD31C /* xcodetest2 */,
				64A975AB196E31ED001CD31C /* xcodetest2Tests */,
			);
		};
/* End PBXProject section */

/* Begin PBXResourcesBuildPhase section */
		64A97594196E31ED001CD31C /* Resources */ = {
			isa = PBXResourcesBuildPhase;
			buildActionMask = 2147483647;
			files = (
				64A975A5196E31ED001CD31C /* Main.storyboard in Resources */,
				64A975A7196E31ED001CD31C /* Images.xcassets in Resources */,
			);
			runOnlyForDeploymentPostprocessing = 0;
		};
		64A975AA196E31ED001CD31C /* Resources */ = {
			isa = PBXResourcesBuildPhase;
			buildActionMask = 2147483647;
			files = (
			);
			runOnlyForDeploymentPostprocessing = 0;
		};
/* End PBXResourcesBuildPhase section */

/* Begin PBXSourcesBuildPhase section */
		64A97592196E31ED001CD31C /* Sources */ = {
			isa = PBXSourcesBuildPhase;
			buildActionMask = 2147483647;
			files = (
				64A975A2196E31ED001CD31C /* ViewController.m in Sources */,
				64A9759F196E31ED001CD31C /* AppDelegate.m in Sources */,
				64A9759C196E31ED001CD31C /* main.m in Sources */,
			);
			runOnlyForDeploymentPostprocessing = 0;
		};
		64A975A8196E31ED001CD31C /* Sources */ = {
			isa = PBXSourcesBuildPhase;
			buildActionMask = 2147483647;
			files = (
				64A975B3196E31ED001CD31C /* xcodetest2Tests.m in Sources */,
			);
			runOnlyForDeploymentPostprocessing = 0;
		};
/* End PBXSourcesBuildPhase section */

/* Begin PBXTargetDependency section */
		64A975AE196E31ED001CD31C /* PBXTargetDependency */ = {
			isa = PBXTargetDependency;
			target = 64A97595196E31ED001CD31C /* xcodetest2 */;
			targetProxy = 64A975AD196E31ED001CD31C /* PBXContainerItemProxy */;
		};
/* End PBXTargetDependency section */

/* Begin PBXVariantGroup section */
		64A975A3196E31ED001CD31C /* Main.storyboard */ = {
			isa = PBXVariantGroup;
			children = (
				64A975A4196E31ED001CD31C /* Base */,
			);
			name = Main.storyboard;
			sourceTree = "<group>";
		};
/* End PBXVariantGroup section */

/* Begin XCBuildConfiguration section */
		64A975B4196E31ED001CD31C /* Debug */ = {
			isa = XCBuildConfiguration;
			buildSettings = {
				ALWAYS_SEARCH_USER_PATHS = NO;
				CLANG_CXX_LANGUAGE_STANDARD = "gnu++0x";
				CLANG_CXX_LIBRARY = "libc++";
				CLANG_ENABLE_MODULES = YES;
				CLANG_ENABLE_OBJC_ARC = YES;
				CLANG_WARN_BOOL_CONVERSION = YES;
				CLANG_WARN_CONSTANT_CONVERSION = YES;
				CLANG_WARN_DIRECT_OBJC_ISA_USAGE = YES_ERROR;
				CLANG_WARN_EMPTY_BODY = YES;
				CLANG_WARN_ENUM_CONVERSION = YES;
				CLANG_WARN_INT_CONVERSION = YES;
				CLANG_WARN_OBJC_ROOT_CLASS = YES_ERROR;
				CLANG_WARN_UNREACHABLE_CODE = YES;
				CLANG_WARN__DUPLICATE_METHOD_MATCH = YES;
				"CODE_SIGN_IDENTITY[sdk=iphoneos*]" = "iPhone Developer";
				COPY_PHASE_STRIP = NO;
				ENABLE_STRICT_OBJC_MSGSEND = YES;
				GCC_C_LANGUAGE_STANDARD = gnu99;
				GCC_DYNAMIC_NO_PIC = NO;
				GCC_OPTIMIZATION_LEVEL = 0;
				GCC_PREPROCESSOR_DEFINITIONS = (
					"DEBUG=1",
					"$(inherited)",
				);
				GCC_SYMBOLS_PRIVATE_EXTERN = NO;
				GCC_WARN_64_TO_32_BIT_CONVERSION = YES;
				GCC_WARN_ABOUT_RETURN_TYPE = YES_ERROR;
				GCC_WARN_UNDECLARED_SELECTOR = YES;
				GCC_WARN_UNINITIALIZED_AUTOS = YES_AGGRESSIVE;
				GCC_WARN_UNUSED_FUNCTION = YES;
				GCC_WARN_UNUSED_VARIABLE = YES;
				IPHONEOS_DEPLOYMENT_TARGET = 8.0;
				METAL_ENABLE_DEBUG_INFO = YES;
				ONLY_ACTIVE_ARCH = YES;
				SDKROOT = iphoneos;
				TARGETED_DEVICE_FAMILY = "1,2";
			};
			name = Debug;
		};
		64A975B5196E31ED001CD31C /* Release */ = {
			isa = XCBuildConfiguration;
			buildSettings = {
				ALWAYS_SEARCH_USER_PATHS = NO;
				CLANG_CXX_LANGUAGE_STANDARD = "gnu++0x";
				CLANG_CXX_LIBRARY = "libc++";
				CLANG_ENABLE_MODULES = YES;
				CLANG_ENABLE_OBJC_ARC = YES;
				CLANG_WARN_BOOL_CONVERSION = YES;
				CLANG_WARN_CONSTANT_CONVERSION = YES;
				CLANG_WARN_DIRECT_OBJC_ISA_USAGE = YES_ERROR;
				CLANG_WARN_EMPTY_BODY = YES;
				CLANG_WARN_ENUM_CONVERSION = YES;
				CLANG_WARN_INT_CONVERSION = YES;
				CLANG_WARN_OBJC_ROOT_CLASS = YES_ERROR;
				CLANG_WARN_UNREACHABLE_CODE = YES;
				CLANG_WARN__DUPLICATE_METHOD_MATCH = YES;
				"CODE_SIGN_IDENTITY[sdk=iphoneos*]" = "iPhone Developer";
				COPY_PHASE_STRIP = YES;
				ENABLE_NS_ASSERTIONS = NO;
				ENABLE_STRICT_OBJC_MSGSEND = YES;
				GCC_C_LANGUAGE_STANDARD = gnu99;
				GCC_WARN_64_TO_32_BIT_CONVERSION = YES;
				GCC_WARN_ABOUT_RETURN_TYPE = YES_ERROR;
				GCC_WARN_UNDECLARED_SELECTOR = YES;
				GCC_WARN_UNINITIALIZED_AUTOS = YES_AGGRESSIVE;
				GCC_WARN_UNUSED_FUNCTION = YES;
				GCC_WARN_UNUSED_VARIABLE = YES;
				IPHONEOS_DEPLOYMENT_TARGET = 8.0;
				METAL_ENABLE_DEBUG_INFO = NO;
				SDKROOT = iphoneos;
				TARGETED_DEVICE_FAMILY = "1,2";
				VALIDATE_PRODUCT = YES;
			};
			name = Release;
		};
		64A975B7196E31ED001CD31C /* Debug */ = {
			isa = XCBuildConfiguration;
			buildSettings = {
				ASSETCATALOG_COMPILER_APPICON_NAME = AppIcon;
				ASSETCATALOG_COMPILER_LAUNCHIMAGE_NAME = LaunchImage;
				INFOPLIST_FILE = xcodetest2/Info.plist;
				LD_RUNPATH_SEARCH_PATHS = "$(inherited) @executable_path/Frameworks";
				PRODUCT_NAME = "$(TARGET_NAME)";
			};
			name = Debug;
		};
		64A975B8196E31ED001CD31C /* Release */ = {
			isa = XCBuildConfiguration;
			buildSettings = {
				ASSETCATALOG_COMPILER_APPICON_NAME = AppIcon;
				ASSETCATALOG_COMPILER_LAUNCHIMAGE_NAME = LaunchImage;
				INFOPLIST_FILE = xcodetest2/Info.plist;
				LD_RUNPATH_SEARCH_PATHS = "$(inherited) @executable_path/Frameworks";
				PRODUCT_NAME = "$(TARGET_NAME)";
			};
			name = Release;
		};
		64A975BA196E31ED001CD31C /* Debug */ = {
			isa = XCBuildConfiguration;
			buildSettings = {
				BUNDLE_LOADER = "$(BUILT_PRODUCTS_DIR)/xcodetest2.app/xcodetest2";
				FRAMEWORK_SEARCH_PATHS = (
					"$(SDKROOT)/Developer/Library/Frameworks",
					"$(inherited)",
				);
				GCC_PREPROCESSOR_DEFINITIONS = (
					"DEBUG=1",
					"$(inherited)",
				);
				INFOPLIST_FILE = xcodetest2Tests/Info.plist;
				LD_RUNPATH_SEARCH_PATHS = "$(inherited) @executable_path/Frameworks @loader_path/Frameworks";
				METAL_ENABLE_DEBUG_INFO = YES;
				PRODUCT_NAME = "$(TARGET_NAME)";
				TEST_HOST = "$(BUNDLE_LOADER)";
			};
			name = Debug;
		};
		64A975BB196E31ED001CD31C /* Release */ = {
			isa = XCBuildConfiguration;
			buildSettings = {
				BUNDLE_LOADER = "$(BUILT_PRODUCTS_DIR)/xcodetest2.app/xcodetest2";
				FRAMEWORK_SEARCH_PATHS = (
					"$(SDKROOT)/Developer/Library/Frameworks",
					"$(inherited)",
				);
				INFOPLIST_FILE = xcodetest2Tests/Info.plist;
				LD_RUNPATH_SEARCH_PATHS = "$(inherited) @executable_path/Frameworks @loader_path/Frameworks";
				METAL_ENABLE_DEBUG_INFO = NO;
				PRODUCT_NAME = "$(TARGET_NAME)";
				TEST_HOST = "$(BUNDLE_LOADER)";
			};
			name = Release;
		};
/* End XCBuildConfiguration section */

/* Begin XCConfigurationList section */
		64A97591196E31ED001CD31C /* Build configuration list for PBXProject "xcodetest2" */ = {
			isa = XCConfigurationList;
			buildConfigurations = (
				64A975B4196E31ED001CD31C /* Debug */,
				64A975B5196E31ED001CD31C /* Release */,
			);
			defaultConfigurationIsVisible = 0;
			defaultConfigurationName = Release;
		};
		64A975B6196E31ED001CD31C /* Build configuration list for PBXNativeTarget "xcodetest2" */ = {
			isa = XCConfigurationList;
			buildConfigurations = (
				64A975B7196E31ED001CD31C /* Debug */,
				64A975B8196E31ED001CD31C /* Release */,
			);
			defaultConfigurationIsVisible = 0;
		};
		64A975B9196E31ED001CD31C /* Build configuration list for PBXNativeTarget "xcodetest2Tests" */ = {
			isa = XCConfigurationList;
			buildConfigurations = (
				64A975BA196E31ED001CD31C /* Debug */,
				64A975BB196E31ED001CD31C /* Release */,
			);
			defaultConfigurationIsVisible = 0;
		};
/* End XCConfigurationList section */
	};
	rootObject = 64A9758E196E31ED001CD31C /* Project object */;
}
